{
    "name": "oni-plugin-typescript",
    "version": "0.0.1",
    "lockfileVersion": 1,
    "requires": true,
    "dependencies": {
        "@types/bluebird": {
            "version": "https://registry.npmjs.org/@types/bluebird/-/bluebird-3.0.35.tgz",
            "integrity": "sha1-5uLTdae3oKIvFVznTrKNDaMDdAw=",
            "dev": true
        },
        "@types/es6-promise": {
            "version": "https://registry.npmjs.org/@types/es6-promise/-/es6-promise-0.0.32.tgz",
            "integrity": "sha1-O89E+x5Cnz33YYjIxth0Rjujcf0=",
            "dev": true
        },
        "@types/lodash": {
            "version": "https://registry.npmjs.org/@types/lodash/-/lodash-4.14.38.tgz",
            "integrity": "sha1-/L1R50DF4mBlLK2XXdJsXEFRyxE=",
            "dev": true
        },
        "@types/mocha": {
            "version": "https://registry.npmjs.org/@types/mocha/-/mocha-2.2.33.tgz",
            "integrity": "sha1-15oAYewnA3n02eIl9AlvtDZmne8=",
            "dev": true
        },
        "@types/node": {
            "version": "https://registry.npmjs.org/@types/node/-/node-6.0.46.tgz",
            "integrity": "sha1-jZ5IVygx8FsRzEx5N1TUNDchnWI=",
            "dev": true
        },
        "@types/sinon": {
            "version": "https://registry.npmjs.org/@types/sinon/-/sinon-1.16.32.tgz",
            "integrity": "sha1-syRoRJAtfLM/N2s2mxdqZaFEr34=",
            "dev": true
        }
    }
}
